// !$*UTF8*$!
{
	archiveVersion = 1;
	classes = {
	};
	objectVersion = 46;
	objects = {

/* Begin PBXBuildFile section */
		F912C14A15E66DBE004A5F5A /* Countries.png in Resources */ = {isa = PBXBuildFile; fileRef = F912C14915E66DBE004A5F5A /* Countries.png */; };
		F912C14D15E6719E004A5F5A /* TWers.png in Resources */ = {isa = PBXBuildFile; fileRef = F912C14C15E6719E004A5F5A /* TWers.png */; };
		F936E7B515E72602004D423E /* Panic.png in Resources */ = {isa = PBXBuildFile; fileRef = F936E7B415E72602004D423E /* Panic.png */; };
		F946593515E66AEC00429B81 /* Office Locations.png in Resources */ = {isa = PBXBuildFile; fileRef = F946593415E66AEC00429B81 /* Office Locations.png */; };
		F96630EB15F06A5F00332799 /* Country.m in Sources */ = {isa = PBXBuildFile; fileRef = F96630EA15F06A5F00332799 /* Country.m */; };
		F96630EE15F06A6000332799 /* Place.m in Sources */ = {isa = PBXBuildFile; fileRef = F96630ED15F06A6000332799 /* Place.m */; };
		F96630F115F06A6000332799 /* Company.m in Sources */ = {isa = PBXBuildFile; fileRef = F96630F015F06A6000332799 /* Company.m */; };
		F96630F415F06A6100332799 /* Office.m in Sources */ = {isa = PBXBuildFile; fileRef = F96630F315F06A6100332799 /* Office.m */; };
		F96630F715F06A6100332799 /* City.m in Sources */ = {isa = PBXBuildFile; fileRef = F96630F615F06A6100332799 /* City.m */; };
		F96630FA15F06A6100332799 /* Admin.m in Sources */ = {isa = PBXBuildFile; fileRef = F96630F915F06A6100332799 /* Admin.m */; };
		F96630FD15F06A6100332799 /* PlaceType.m in Sources */ = {isa = PBXBuildFile; fileRef = F96630FC15F06A6100332799 /* PlaceType.m */; };
		F96C6DAB15E47AF50009F6C1 /* UIKit.framework in Frameworks */ = {isa = PBXBuildFile; fileRef = F96C6DAA15E47AF50009F6C1 /* UIKit.framework */; };
		F96C6DAD15E47AF50009F6C1 /* Foundation.framework in Frameworks */ = {isa = PBXBuildFile; fileRef = F96C6DAC15E47AF50009F6C1 /* Foundation.framework */; };
		F96C6DAF15E47AF50009F6C1 /* CoreGraphics.framework in Frameworks */ = {isa = PBXBuildFile; fileRef = F96C6DAE15E47AF50009F6C1 /* CoreGraphics.framework */; };
		F96C6DB515E47AF50009F6C1 /* InfoPlist.strings in Resources */ = {isa = PBXBuildFile; fileRef = F96C6DB315E47AF50009F6C1 /* InfoPlist.strings */; };
		F96C6DB715E47AF50009F6C1 /* main.m in Sources */ = {isa = PBXBuildFile; fileRef = F96C6DB615E47AF50009F6C1 /* main.m */; };
		F96C6DBB15E47AF50009F6C1 /* com_hitchhikers_dontpanicAppDelegate.m in Sources */ = {isa = PBXBuildFile; fileRef = F96C6DBA15E47AF50009F6C1 /* com_hitchhikers_dontpanicAppDelegate.m */; };
		F96C6DBE15E47AF50009F6C1 /* com_hitchhikers_dontpanicViewController.m in Sources */ = {isa = PBXBuildFile; fileRef = F96C6DBD15E47AF50009F6C1 /* com_hitchhikers_dontpanicViewController.m */; };
		F96C6DC115E47AF50009F6C1 /* com_hitchhikers_dontpanicViewController_iPhone.xib in Resources */ = {isa = PBXBuildFile; fileRef = F96C6DBF15E47AF50009F6C1 /* com_hitchhikers_dontpanicViewController_iPhone.xib */; };
		F96C6DC415E47AF50009F6C1 /* com_hitchhikers_dontpanicViewController_iPad.xib in Resources */ = {isa = PBXBuildFile; fileRef = F96C6DC215E47AF50009F6C1 /* com_hitchhikers_dontpanicViewController_iPad.xib */; };
		F96C6DCD15E4869C0009F6C1 /* DontPanic-icon.png in Resources */ = {isa = PBXBuildFile; fileRef = F96C6DCC15E4869C0009F6C1 /* DontPanic-icon.png */; };
		F96C6DCF15E487280009F6C1 /* icon-57.png in Resources */ = {isa = PBXBuildFile; fileRef = F96C6DCE15E487280009F6C1 /* icon-57.png */; };
		F96C6DD115E4872E0009F6C1 /* icon-114.png in Resources */ = {isa = PBXBuildFile; fileRef = F96C6DD015E4872E0009F6C1 /* icon-114.png */; };
		F9746B8B15E6555300CDCCEE /* MapKit.framework in Frameworks */ = {isa = PBXBuildFile; fileRef = F9746B8A15E6555300CDCCEE /* MapKit.framework */; };
		F9746B8E15E6556600CDCCEE /* CoreLocation.framework in Frameworks */ = {isa = PBXBuildFile; fileRef = F9746B8D15E6556600CDCCEE /* CoreLocation.framework */; };
		F984067915E5CE670058A519 /* SearchView_iPhone.xib in Resources */ = {isa = PBXBuildFile; fileRef = F984067815E5CE670058A519 /* SearchView_iPhone.xib */; };
		F984067D15E5CFA60058A519 /* com_hitchhikers_SearchResultsController.m in Sources */ = {isa = PBXBuildFile; fileRef = F984067C15E5CFA60058A519 /* com_hitchhikers_SearchResultsController.m */; };
		F984067F15E5D76D0058A519 /* MapView_iPhone.xib in Resources */ = {isa = PBXBuildFile; fileRef = F984067E15E5D76D0058A519 /* MapView_iPhone.xib */; };
		F987591215E7ABB300965BAC /* NSObject+SBJson.m in Sources */ = {isa = PBXBuildFile; fileRef = F987591115E7ABB300965BAC /* NSObject+SBJson.m */; };
		F987592B15E7ABC000965BAC /* SBJsonParser.m in Sources */ = {isa = PBXBuildFile; fileRef = F987591615E7ABC000965BAC /* SBJsonParser.m */; };
		F987592C15E7ABC000965BAC /* SBJsonStreamParser.m in Sources */ = {isa = PBXBuildFile; fileRef = F987591815E7ABC000965BAC /* SBJsonStreamParser.m */; };
		F987592D15E7ABC000965BAC /* SBJsonStreamParserAccumulator.m in Sources */ = {isa = PBXBuildFile; fileRef = F987591A15E7ABC000965BAC /* SBJsonStreamParserAccumulator.m */; };
		F987592E15E7ABC000965BAC /* SBJsonStreamParserAdapter.m in Sources */ = {isa = PBXBuildFile; fileRef = F987591C15E7ABC000965BAC /* SBJsonStreamParserAdapter.m */; };
		F987592F15E7ABC000965BAC /* SBJsonStreamParserState.m in Sources */ = {isa = PBXBuildFile; fileRef = F987591E15E7ABC000965BAC /* SBJsonStreamParserState.m */; };
		F987593015E7ABC000965BAC /* SBJsonStreamWriter.m in Sources */ = {isa = PBXBuildFile; fileRef = F987592015E7ABC000965BAC /* SBJsonStreamWriter.m */; };
		F987593115E7ABC000965BAC /* SBJsonStreamWriterAccumulator.m in Sources */ = {isa = PBXBuildFile; fileRef = F987592215E7ABC000965BAC /* SBJsonStreamWriterAccumulator.m */; };
		F987593215E7ABC000965BAC /* SBJsonStreamWriterState.m in Sources */ = {isa = PBXBuildFile; fileRef = F987592415E7ABC000965BAC /* SBJsonStreamWriterState.m */; };
		F987593315E7ABC000965BAC /* SBJsonTokeniser.m in Sources */ = {isa = PBXBuildFile; fileRef = F987592615E7ABC000965BAC /* SBJsonTokeniser.m */; };
		F987593415E7ABC000965BAC /* SBJsonUTF8Stream.m in Sources */ = {isa = PBXBuildFile; fileRef = F987592815E7ABC000965BAC /* SBJsonUTF8Stream.m */; };
		F987593515E7ABC000965BAC /* SBJsonWriter.m in Sources */ = {isa = PBXBuildFile; fileRef = F987592A15E7ABC000965BAC /* SBJsonWriter.m */; };
		F988E95E15E6818B00C8D8B7 /* Admins.png in Resources */ = {isa = PBXBuildFile; fileRef = F988E95D15E6818B00C8D8B7 /* Admins.png */; };
		F988E96115E68C6D00C8D8B7 /* Hangouts.png in Resources */ = {isa = PBXBuildFile; fileRef = F988E96015E68C6D00C8D8B7 /* Hangouts.png */; };
		F988E96415E6971800C8D8B7 /* Routes.png in Resources */ = {isa = PBXBuildFile; fileRef = F988E96215E6971800C8D8B7 /* Routes.png */; };
		F988E96515E6971800C8D8B7 /* Transportation.png in Resources */ = {isa = PBXBuildFile; fileRef = F988E96315E6971800C8D8B7 /* Transportation.png */; };
		F99935C315EFAF6800DFE193 /* CoreData.framework in Frameworks */ = {isa = PBXBuildFile; fileRef = F99935C215EFAF6800DFE193 /* CoreData.framework */; };
		F99935DB15EFC52200DFE193 /* LocalStorage.xcdatamodeld in Sources */ = {isa = PBXBuildFile; fileRef = F99935D915EFC52200DFE193 /* LocalStorage.xcdatamodeld */; };
/* End PBXBuildFile section */

/* Begin PBXFileReference section */
		F912C14915E66DBE004A5F5A /* Countries.png */ = {isa = PBXFileReference; lastKnownFileType = image.png; path = Countries.png; sourceTree = "<group>"; };
		F912C14C15E6719E004A5F5A /* TWers.png */ = {isa = PBXFileReference; lastKnownFileType = image.png; path = TWers.png; sourceTree = "<group>"; };
		F936E7B415E72602004D423E /* Panic.png */ = {isa = PBXFileReference; lastKnownFileType = image.png; path = Panic.png; sourceTree = "<group>"; };
		F946593415E66AEC00429B81 /* Office Locations.png */ = {isa = PBXFileReference; lastKnownFileType = image.png; path = "Office Locations.png"; sourceTree = "<group>"; };
		F96630E915F06A5F00332799 /* Country.h */ = {isa = PBXFileReference; fileEncoding = 4; lastKnownFileType = sourcecode.c.h; name = Country.h; path = data/Country.h; sourceTree = "<group>"; };
		F96630EA15F06A5F00332799 /* Country.m */ = {isa = PBXFileReference; fileEncoding = 4; lastKnownFileType = sourcecode.c.objc; name = Country.m; path = data/Country.m; sourceTree = "<group>"; };
		F96630EC15F06A6000332799 /* Place.h */ = {isa = PBXFileReference; fileEncoding = 4; lastKnownFileType = sourcecode.c.h; name = Place.h; path = data/Place.h; sourceTree = "<group>"; };
		F96630ED15F06A6000332799 /* Place.m */ = {isa = PBXFileReference; fileEncoding = 4; lastKnownFileType = sourcecode.c.objc; name = Place.m; path = data/Place.m; sourceTree = "<group>"; };
		F96630EF15F06A6000332799 /* Company.h */ = {isa = PBXFileReference; fileEncoding = 4; lastKnownFileType = sourcecode.c.h; name = Company.h; path = data/Company.h; sourceTree = "<group>"; };
		F96630F015F06A6000332799 /* Company.m */ = {isa = PBXFileReference; fileEncoding = 4; lastKnownFileType = sourcecode.c.objc; name = Company.m; path = data/Company.m; sourceTree = "<group>"; };
		F96630F215F06A6100332799 /* Office.h */ = {isa = PBXFileReference; fileEncoding = 4; lastKnownFileType = sourcecode.c.h; name = Office.h; path = data/Office.h; sourceTree = "<group>"; };
		F96630F315F06A6100332799 /* Office.m */ = {isa = PBXFileReference; fileEncoding = 4; lastKnownFileType = sourcecode.c.objc; name = Office.m; path = data/Office.m; sourceTree = "<group>"; };
		F96630F515F06A6100332799 /* City.h */ = {isa = PBXFileReference; fileEncoding = 4; lastKnownFileType = sourcecode.c.h; name = City.h; path = data/City.h; sourceTree = "<group>"; };
		F96630F615F06A6100332799 /* City.m */ = {isa = PBXFileReference; fileEncoding = 4; lastKnownFileType = sourcecode.c.objc; name = City.m; path = data/City.m; sourceTree = "<group>"; };
		F96630F815F06A6100332799 /* Admin.h */ = {isa = PBXFileReference; fileEncoding = 4; lastKnownFileType = sourcecode.c.h; name = Admin.h; path = data/Admin.h; sourceTree = "<group>"; };
		F96630F915F06A6100332799 /* Admin.m */ = {isa = PBXFileReference; fileEncoding = 4; lastKnownFileType = sourcecode.c.objc; name = Admin.m; path = data/Admin.m; sourceTree = "<group>"; };
		F96630FB15F06A6100332799 /* PlaceType.h */ = {isa = PBXFileReference; fileEncoding = 4; lastKnownFileType = sourcecode.c.h; name = PlaceType.h; path = data/PlaceType.h; sourceTree = "<group>"; };
		F96630FC15F06A6100332799 /* PlaceType.m */ = {isa = PBXFileReference; fileEncoding = 4; lastKnownFileType = sourcecode.c.objc; name = PlaceType.m; path = data/PlaceType.m; sourceTree = "<group>"; };
		F96C6DA615E47AF50009F6C1 /* dont-panic.app */ = {isa = PBXFileReference; explicitFileType = wrapper.application; includeInIndex = 0; path = "dont-panic.app"; sourceTree = BUILT_PRODUCTS_DIR; };
		F96C6DAA15E47AF50009F6C1 /* UIKit.framework */ = {isa = PBXFileReference; lastKnownFileType = wrapper.framework; name = UIKit.framework; path = System/Library/Frameworks/UIKit.framework; sourceTree = SDKROOT; };
		F96C6DAC15E47AF50009F6C1 /* Foundation.framework */ = {isa = PBXFileReference; lastKnownFileType = wrapper.framework; name = Foundation.framework; path = System/Library/Frameworks/Foundation.framework; sourceTree = SDKROOT; };
		F96C6DAE15E47AF50009F6C1 /* CoreGraphics.framework */ = {isa = PBXFileReference; lastKnownFileType = wrapper.framework; name = CoreGraphics.framework; path = System/Library/Frameworks/CoreGraphics.framework; sourceTree = SDKROOT; };
		F96C6DB215E47AF50009F6C1 /* dont-panic-Info.plist */ = {isa = PBXFileReference; lastKnownFileType = text.plist.xml; path = "dont-panic-Info.plist"; sourceTree = "<group>"; };
		F96C6DB415E47AF50009F6C1 /* en */ = {isa = PBXFileReference; lastKnownFileType = text.plist.strings; name = en; path = en.lproj/InfoPlist.strings; sourceTree = "<group>"; };
		F96C6DB615E47AF50009F6C1 /* main.m */ = {isa = PBXFileReference; lastKnownFileType = sourcecode.c.objc; path = main.m; sourceTree = "<group>"; };
		F96C6DB815E47AF50009F6C1 /* dont-panic-Prefix.pch */ = {isa = PBXFileReference; lastKnownFileType = sourcecode.c.h; path = "dont-panic-Prefix.pch"; sourceTree = "<group>"; };
		F96C6DB915E47AF50009F6C1 /* com_hitchhikers_dontpanicAppDelegate.h */ = {isa = PBXFileReference; lastKnownFileType = sourcecode.c.h; path = com_hitchhikers_dontpanicAppDelegate.h; sourceTree = "<group>"; };
		F96C6DBA15E47AF50009F6C1 /* com_hitchhikers_dontpanicAppDelegate.m */ = {isa = PBXFileReference; lastKnownFileType = sourcecode.c.objc; path = com_hitchhikers_dontpanicAppDelegate.m; sourceTree = "<group>"; };
		F96C6DBC15E47AF50009F6C1 /* com_hitchhikers_dontpanicViewController.h */ = {isa = PBXFileReference; lastKnownFileType = sourcecode.c.h; path = com_hitchhikers_dontpanicViewController.h; sourceTree = "<group>"; };
		F96C6DBD15E47AF50009F6C1 /* com_hitchhikers_dontpanicViewController.m */ = {isa = PBXFileReference; lastKnownFileType = sourcecode.c.objc; path = com_hitchhikers_dontpanicViewController.m; sourceTree = "<group>"; };
		F96C6DC015E47AF50009F6C1 /* en */ = {isa = PBXFileReference; lastKnownFileType = file.xib; name = en; path = en.lproj/com_hitchhikers_dontpanicViewController_iPhone.xib; sourceTree = "<group>"; };
		F96C6DC315E47AF50009F6C1 /* en */ = {isa = PBXFileReference; lastKnownFileType = file.xib; name = en; path = en.lproj/com_hitchhikers_dontpanicViewController_iPad.xib; sourceTree = "<group>"; };
		F96C6DCC15E4869C0009F6C1 /* DontPanic-icon.png */ = {isa = PBXFileReference; lastKnownFileType = image.png; path = "DontPanic-icon.png"; sourceTree = "<group>"; };
		F96C6DCE15E487280009F6C1 /* icon-57.png */ = {isa = PBXFileReference; lastKnownFileType = image.png; path = "icon-57.png"; sourceTree = "<group>"; };
		F96C6DD015E4872E0009F6C1 /* icon-114.png */ = {isa = PBXFileReference; lastKnownFileType = image.png; path = "icon-114.png"; sourceTree = "<group>"; };
		F9746B8A15E6555300CDCCEE /* MapKit.framework */ = {isa = PBXFileReference; lastKnownFileType = wrapper.framework; name = MapKit.framework; path = System/Library/Frameworks/MapKit.framework; sourceTree = SDKROOT; };
		F9746B8D15E6556600CDCCEE /* CoreLocation.framework */ = {isa = PBXFileReference; lastKnownFileType = wrapper.framework; name = CoreLocation.framework; path = System/Library/Frameworks/CoreLocation.framework; sourceTree = SDKROOT; };
		F984067815E5CE670058A519 /* SearchView_iPhone.xib */ = {isa = PBXFileReference; fileEncoding = 4; lastKnownFileType = file.xib; path = SearchView_iPhone.xib; sourceTree = "<group>"; };
		F984067B15E5CFA60058A519 /* com_hitchhikers_SearchResultsController.h */ = {isa = PBXFileReference; fileEncoding = 4; lastKnownFileType = sourcecode.c.h; path = com_hitchhikers_SearchResultsController.h; sourceTree = "<group>"; };
		F984067C15E5CFA60058A519 /* com_hitchhikers_SearchResultsController.m */ = {isa = PBXFileReference; fileEncoding = 4; lastKnownFileType = sourcecode.c.objc; path = com_hitchhikers_SearchResultsController.m; sourceTree = "<group>"; };
		F984067E15E5D76D0058A519 /* MapView_iPhone.xib */ = {isa = PBXFileReference; fileEncoding = 4; lastKnownFileType = file.xib; path = MapView_iPhone.xib; sourceTree = "<group>"; };
		F987591015E7ABB300965BAC /* NSObject+SBJson.h */ = {isa = PBXFileReference; fileEncoding = 4; lastKnownFileType = sourcecode.c.h; path = "NSObject+SBJson.h"; sourceTree = "<group>"; };
		F987591115E7ABB300965BAC /* NSObject+SBJson.m */ = {isa = PBXFileReference; fileEncoding = 4; lastKnownFileType = sourcecode.c.objc; path = "NSObject+SBJson.m"; sourceTree = "<group>"; };
		F987591415E7ABC000965BAC /* SBJson.h */ = {isa = PBXFileReference; fileEncoding = 4; lastKnownFileType = sourcecode.c.h; path = SBJson.h; sourceTree = "<group>"; };
		F987591515E7ABC000965BAC /* SBJsonParser.h */ = {isa = PBXFileReference; fileEncoding = 4; lastKnownFileType = sourcecode.c.h; path = SBJsonParser.h; sourceTree = "<group>"; };
		F987591615E7ABC000965BAC /* SBJsonParser.m */ = {isa = PBXFileReference; fileEncoding = 4; lastKnownFileType = sourcecode.c.objc; path = SBJsonParser.m; sourceTree = "<group>"; };
		F987591715E7ABC000965BAC /* SBJsonStreamParser.h */ = {isa = PBXFileReference; fileEncoding = 4; lastKnownFileType = sourcecode.c.h; path = SBJsonStreamParser.h; sourceTree = "<group>"; };
		F987591815E7ABC000965BAC /* SBJsonStreamParser.m */ = {isa = PBXFileReference; fileEncoding = 4; lastKnownFileType = sourcecode.c.objc; path = SBJsonStreamParser.m; sourceTree = "<group>"; };
		F987591915E7ABC000965BAC /* SBJsonStreamParserAccumulator.h */ = {isa = PBXFileReference; fileEncoding = 4; lastKnownFileType = sourcecode.c.h; path = SBJsonStreamParserAccumulator.h; sourceTree = "<group>"; };
		F987591A15E7ABC000965BAC /* SBJsonStreamParserAccumulator.m */ = {isa = PBXFileReference; fileEncoding = 4; lastKnownFileType = sourcecode.c.objc; path = SBJsonStreamParserAccumulator.m; sourceTree = "<group>"; };
		F987591B15E7ABC000965BAC /* SBJsonStreamParserAdapter.h */ = {isa = PBXFileReference; fileEncoding = 4; lastKnownFileType = sourcecode.c.h; path = SBJsonStreamParserAdapter.h; sourceTree = "<group>"; };
		F987591C15E7ABC000965BAC /* SBJsonStreamParserAdapter.m */ = {isa = PBXFileReference; fileEncoding = 4; lastKnownFileType = sourcecode.c.objc; path = SBJsonStreamParserAdapter.m; sourceTree = "<group>"; };
		F987591D15E7ABC000965BAC /* SBJsonStreamParserState.h */ = {isa = PBXFileReference; fileEncoding = 4; lastKnownFileType = sourcecode.c.h; path = SBJsonStreamParserState.h; sourceTree = "<group>"; };
		F987591E15E7ABC000965BAC /* SBJsonStreamParserState.m */ = {isa = PBXFileReference; fileEncoding = 4; lastKnownFileType = sourcecode.c.objc; path = SBJsonStreamParserState.m; sourceTree = "<group>"; };
		F987591F15E7ABC000965BAC /* SBJsonStreamWriter.h */ = {isa = PBXFileReference; fileEncoding = 4; lastKnownFileType = sourcecode.c.h; path = SBJsonStreamWriter.h; sourceTree = "<group>"; };
		F987592015E7ABC000965BAC /* SBJsonStreamWriter.m */ = {isa = PBXFileReference; fileEncoding = 4; lastKnownFileType = sourcecode.c.objc; path = SBJsonStreamWriter.m; sourceTree = "<group>"; };
		F987592115E7ABC000965BAC /* SBJsonStreamWriterAccumulator.h */ = {isa = PBXFileReference; fileEncoding = 4; lastKnownFileType = sourcecode.c.h; path = SBJsonStreamWriterAccumulator.h; sourceTree = "<group>"; };
		F987592215E7ABC000965BAC /* SBJsonStreamWriterAccumulator.m */ = {isa = PBXFileReference; fileEncoding = 4; lastKnownFileType = sourcecode.c.objc; path = SBJsonStreamWriterAccumulator.m; sourceTree = "<group>"; };
		F987592315E7ABC000965BAC /* SBJsonStreamWriterState.h */ = {isa = PBXFileReference; fileEncoding = 4; lastKnownFileType = sourcecode.c.h; path = SBJsonStreamWriterState.h; sourceTree = "<group>"; };
		F987592415E7ABC000965BAC /* SBJsonStreamWriterState.m */ = {isa = PBXFileReference; fileEncoding = 4; lastKnownFileType = sourcecode.c.objc; path = SBJsonStreamWriterState.m; sourceTree = "<group>"; };
		F987592515E7ABC000965BAC /* SBJsonTokeniser.h */ = {isa = PBXFileReference; fileEncoding = 4; lastKnownFileType = sourcecode.c.h; path = SBJsonTokeniser.h; sourceTree = "<group>"; };
		F987592615E7ABC000965BAC /* SBJsonTokeniser.m */ = {isa = PBXFileReference; fileEncoding = 4; lastKnownFileType = sourcecode.c.objc; path = SBJsonTokeniser.m; sourceTree = "<group>"; };
		F987592715E7ABC000965BAC /* SBJsonUTF8Stream.h */ = {isa = PBXFileReference; fileEncoding = 4; lastKnownFileType = sourcecode.c.h; path = SBJsonUTF8Stream.h; sourceTree = "<group>"; };
		F987592815E7ABC000965BAC /* SBJsonUTF8Stream.m */ = {isa = PBXFileReference; fileEncoding = 4; lastKnownFileType = sourcecode.c.objc; path = SBJsonUTF8Stream.m; sourceTree = "<group>"; };
		F987592915E7ABC000965BAC /* SBJsonWriter.h */ = {isa = PBXFileReference; fileEncoding = 4; lastKnownFileType = sourcecode.c.h; path = SBJsonWriter.h; sourceTree = "<group>"; };
		F987592A15E7ABC000965BAC /* SBJsonWriter.m */ = {isa = PBXFileReference; fileEncoding = 4; lastKnownFileType = sourcecode.c.objc; path = SBJsonWriter.m; sourceTree = "<group>"; };
		F988E95D15E6818B00C8D8B7 /* Admins.png */ = {isa = PBXFileReference; lastKnownFileType = image.png; path = Admins.png; sourceTree = "<group>"; };
		F988E96015E68C6D00C8D8B7 /* Hangouts.png */ = {isa = PBXFileReference; lastKnownFileType = image.png; path = Hangouts.png; sourceTree = "<group>"; };
		F988E96215E6971800C8D8B7 /* Routes.png */ = {isa = PBXFileReference; lastKnownFileType = image.png; path = Routes.png; sourceTree = "<group>"; };
		F988E96315E6971800C8D8B7 /* Transportation.png */ = {isa = PBXFileReference; lastKnownFileType = image.png; path = Transportation.png; sourceTree = "<group>"; };
		F99935C215EFAF6800DFE193 /* CoreData.framework */ = {isa = PBXFileReference; lastKnownFileType = wrapper.framework; name = CoreData.framework; path = System/Library/Frameworks/CoreData.framework; sourceTree = SDKROOT; };
		F99935DA15EFC52200DFE193 /* LocalStorage.xcdatamodel */ = {isa = PBXFileReference; lastKnownFileType = wrapper.xcdatamodel; path = LocalStorage.xcdatamodel; sourceTree = "<group>"; };
/* End PBXFileReference section */

/* Begin PBXFrameworksBuildPhase section */
		F96C6DA315E47AF50009F6C1 /* Frameworks */ = {
			isa = PBXFrameworksBuildPhase;
			buildActionMask = 2147483647;
			files = (
				F99935C315EFAF6800DFE193 /* CoreData.framework in Frameworks */,
				F9746B8E15E6556600CDCCEE /* CoreLocation.framework in Frameworks */,
				F9746B8B15E6555300CDCCEE /* MapKit.framework in Frameworks */,
				F96C6DAB15E47AF50009F6C1 /* UIKit.framework in Frameworks */,
				F96C6DAD15E47AF50009F6C1 /* Foundation.framework in Frameworks */,
				F96C6DAF15E47AF50009F6C1 /* CoreGraphics.framework in Frameworks */,
			);
			runOnlyForDeploymentPostprocessing = 0;
		};
/* End PBXFrameworksBuildPhase section */

/* Begin PBXGroup section */
		F96C6D9B15E47AF50009F6C1 = {
			isa = PBXGroup;
			children = (
				F99935C215EFAF6800DFE193 /* CoreData.framework */,
				F9746B8D15E6556600CDCCEE /* CoreLocation.framework */,
				F9746B8A15E6555300CDCCEE /* MapKit.framework */,
				F96C6DD015E4872E0009F6C1 /* icon-114.png */,
				F96C6DCE15E487280009F6C1 /* icon-57.png */,
				F96C6DB015E47AF50009F6C1 /* dont-panic */,
				F96C6DA915E47AF50009F6C1 /* Frameworks */,
				F96C6DA715E47AF50009F6C1 /* Products */,
			);
			sourceTree = "<group>";
		};
		F96C6DA715E47AF50009F6C1 /* Products */ = {
			isa = PBXGroup;
			children = (
				F96C6DA615E47AF50009F6C1 /* dont-panic.app */,
			);
			name = Products;
			sourceTree = "<group>";
		};
		F96C6DA915E47AF50009F6C1 /* Frameworks */ = {
			isa = PBXGroup;
			children = (
				F96C6DAA15E47AF50009F6C1 /* UIKit.framework */,
				F96C6DAC15E47AF50009F6C1 /* Foundation.framework */,
				F96C6DAE15E47AF50009F6C1 /* CoreGraphics.framework */,
			);
			name = Frameworks;
			sourceTree = "<group>";
		};
		F96C6DB015E47AF50009F6C1 /* dont-panic */ = {
			isa = PBXGroup;
			children = (
				F99935D915EFC52200DFE193 /* LocalStorage.xcdatamodeld */,
				F987591415E7ABC000965BAC /* SBJson.h */,
				F987591515E7ABC000965BAC /* SBJsonParser.h */,
				F987591615E7ABC000965BAC /* SBJsonParser.m */,
				F987591715E7ABC000965BAC /* SBJsonStreamParser.h */,
				F987591815E7ABC000965BAC /* SBJsonStreamParser.m */,
				F987591915E7ABC000965BAC /* SBJsonStreamParserAccumulator.h */,
				F987591A15E7ABC000965BAC /* SBJsonStreamParserAccumulator.m */,
				F987591B15E7ABC000965BAC /* SBJsonStreamParserAdapter.h */,
				F987591C15E7ABC000965BAC /* SBJsonStreamParserAdapter.m */,
				F987591D15E7ABC000965BAC /* SBJsonStreamParserState.h */,
				F987591E15E7ABC000965BAC /* SBJsonStreamParserState.m */,
				F987591F15E7ABC000965BAC /* SBJsonStreamWriter.h */,
				F987592015E7ABC000965BAC /* SBJsonStreamWriter.m */,
				F987592115E7ABC000965BAC /* SBJsonStreamWriterAccumulator.h */,
				F987592215E7ABC000965BAC /* SBJsonStreamWriterAccumulator.m */,
				F987592315E7ABC000965BAC /* SBJsonStreamWriterState.h */,
				F987592415E7ABC000965BAC /* SBJsonStreamWriterState.m */,
				F987592515E7ABC000965BAC /* SBJsonTokeniser.h */,
				F987592615E7ABC000965BAC /* SBJsonTokeniser.m */,
				F987592715E7ABC000965BAC /* SBJsonUTF8Stream.h */,
				F987592815E7ABC000965BAC /* SBJsonUTF8Stream.m */,
				F987592915E7ABC000965BAC /* SBJsonWriter.h */,
				F987592A15E7ABC000965BAC /* SBJsonWriter.m */,
				F987591015E7ABB300965BAC /* NSObject+SBJson.h */,
				F987591115E7ABB300965BAC /* NSObject+SBJson.m */,
				F936E7B415E72602004D423E /* Panic.png */,
				F988E96215E6971800C8D8B7 /* Routes.png */,
				F988E96315E6971800C8D8B7 /* Transportation.png */,
				F988E96015E68C6D00C8D8B7 /* Hangouts.png */,
				F988E95D15E6818B00C8D8B7 /* Admins.png */,
				F912C14C15E6719E004A5F5A /* TWers.png */,
				F912C14915E66DBE004A5F5A /* Countries.png */,
				F946593415E66AEC00429B81 /* Office Locations.png */,
				F96C6DCC15E4869C0009F6C1 /* DontPanic-icon.png */,
				F96C6DB915E47AF50009F6C1 /* com_hitchhikers_dontpanicAppDelegate.h */,
				F96C6DBA15E47AF50009F6C1 /* com_hitchhikers_dontpanicAppDelegate.m */,
				F96C6DBC15E47AF50009F6C1 /* com_hitchhikers_dontpanicViewController.h */,
				F96C6DBD15E47AF50009F6C1 /* com_hitchhikers_dontpanicViewController.m */,
				F96630E915F06A5F00332799 /* Country.h */,
				F96630EA15F06A5F00332799 /* Country.m */,
				F96630EC15F06A6000332799 /* Place.h */,
				F96630ED15F06A6000332799 /* Place.m */,
				F96630EF15F06A6000332799 /* Company.h */,
				F96630F015F06A6000332799 /* Company.m */,
				F96630F215F06A6100332799 /* Office.h */,
				F96630F315F06A6100332799 /* Office.m */,
				F96630F515F06A6100332799 /* City.h */,
				F96630F615F06A6100332799 /* City.m */,
				F96630F815F06A6100332799 /* Admin.h */,
				F96630F915F06A6100332799 /* Admin.m */,
				F96630FB15F06A6100332799 /* PlaceType.h */,
				F96630FC15F06A6100332799 /* PlaceType.m */,
				F96C6DBF15E47AF50009F6C1 /* com_hitchhikers_dontpanicViewController_iPhone.xib */,
				F96C6DC215E47AF50009F6C1 /* com_hitchhikers_dontpanicViewController_iPad.xib */,
				F96C6DB115E47AF50009F6C1 /* Supporting Files */,
				F984067815E5CE670058A519 /* SearchView_iPhone.xib */,
				F984067B15E5CFA60058A519 /* com_hitchhikers_SearchResultsController.h */,
				F984067C15E5CFA60058A519 /* com_hitchhikers_SearchResultsController.m */,
				F984067E15E5D76D0058A519 /* MapView_iPhone.xib */,
			);
			path = "dont-panic";
			sourceTree = "<group>";
		};
		F96C6DB115E47AF50009F6C1 /* Supporting Files */ = {
			isa = PBXGroup;
			children = (
				F96C6DB215E47AF50009F6C1 /* dont-panic-Info.plist */,
				F96C6DB315E47AF50009F6C1 /* InfoPlist.strings */,
				F96C6DB615E47AF50009F6C1 /* main.m */,
				F96C6DB815E47AF50009F6C1 /* dont-panic-Prefix.pch */,
			);
			name = "Supporting Files";
			sourceTree = "<group>";
		};
/* End PBXGroup section */

/* Begin PBXNativeTarget section */
		F96C6DA515E47AF50009F6C1 /* dont-panic */ = {
			isa = PBXNativeTarget;
			buildConfigurationList = F96C6DC715E47AF50009F6C1 /* Build configuration list for PBXNativeTarget "dont-panic" */;
			buildPhases = (
				F96C6DA215E47AF50009F6C1 /* Sources */,
				F96C6DA315E47AF50009F6C1 /* Frameworks */,
				F96C6DA415E47AF50009F6C1 /* Resources */,
			);
			buildRules = (
			);
			dependencies = (
			);
			name = "dont-panic";
			productName = "dont-panic";
			productReference = F96C6DA615E47AF50009F6C1 /* dont-panic.app */;
			productType = "com.apple.product-type.application";
		};
/* End PBXNativeTarget section */

/* Begin PBXProject section */
		F96C6D9D15E47AF50009F6C1 /* Project object */ = {
			isa = PBXProject;
			attributes = {
				LastUpgradeCheck = 0420;
			};
			buildConfigurationList = F96C6DA015E47AF50009F6C1 /* Build configuration list for PBXProject "dont-panic" */;
			compatibilityVersion = "Xcode 3.2";
			developmentRegion = English;
			hasScannedForEncodings = 0;
			knownRegions = (
				en,
			);
			mainGroup = F96C6D9B15E47AF50009F6C1;
			productRefGroup = F96C6DA715E47AF50009F6C1 /* Products */;
			projectDirPath = "";
			projectRoot = "";
			targets = (
				F96C6DA515E47AF50009F6C1 /* dont-panic */,
			);
		};
/* End PBXProject section */

/* Begin PBXResourcesBuildPhase section */
		F96C6DA415E47AF50009F6C1 /* Resources */ = {
			isa = PBXResourcesBuildPhase;
			buildActionMask = 2147483647;
			files = (
				F96C6DB515E47AF50009F6C1 /* InfoPlist.strings in Resources */,
				F96C6DC115E47AF50009F6C1 /* com_hitchhikers_dontpanicViewController_iPhone.xib in Resources */,
				F96C6DC415E47AF50009F6C1 /* com_hitchhikers_dontpanicViewController_iPad.xib in Resources */,
				F96C6DCD15E4869C0009F6C1 /* DontPanic-icon.png in Resources */,
				F96C6DCF15E487280009F6C1 /* icon-57.png in Resources */,
				F96C6DD115E4872E0009F6C1 /* icon-114.png in Resources */,
				F984067915E5CE670058A519 /* SearchView_iPhone.xib in Resources */,
				F984067F15E5D76D0058A519 /* MapView_iPhone.xib in Resources */,
				F946593515E66AEC00429B81 /* Office Locations.png in Resources */,
				F912C14A15E66DBE004A5F5A /* Countries.png in Resources */,
				F912C14D15E6719E004A5F5A /* TWers.png in Resources */,
				F988E95E15E6818B00C8D8B7 /* Admins.png in Resources */,
				F988E96115E68C6D00C8D8B7 /* Hangouts.png in Resources */,
				F988E96415E6971800C8D8B7 /* Routes.png in Resources */,
				F988E96515E6971800C8D8B7 /* Transportation.png in Resources */,
				F936E7B515E72602004D423E /* Panic.png in Resources */,
			);
			runOnlyForDeploymentPostprocessing = 0;
		};
/* End PBXResourcesBuildPhase section */

/* Begin PBXSourcesBuildPhase section */
		F96C6DA215E47AF50009F6C1 /* Sources */ = {
			isa = PBXSourcesBuildPhase;
			buildActionMask = 2147483647;
			files = (
				F96C6DB715E47AF50009F6C1 /* main.m in Sources */,
				F96C6DBB15E47AF50009F6C1 /* com_hitchhikers_dontpanicAppDelegate.m in Sources */,
				F96C6DBE15E47AF50009F6C1 /* com_hitchhikers_dontpanicViewController.m in Sources */,
				F984067D15E5CFA60058A519 /* com_hitchhikers_SearchResultsController.m in Sources */,
				F987591215E7ABB300965BAC /* NSObject+SBJson.m in Sources */,
				F987592B15E7ABC000965BAC /* SBJsonParser.m in Sources */,
				F987592C15E7ABC000965BAC /* SBJsonStreamParser.m in Sources */,
				F987592D15E7ABC000965BAC /* SBJsonStreamParserAccumulator.m in Sources */,
				F987592E15E7ABC000965BAC /* SBJsonStreamParserAdapter.m in Sources */,
				F987592F15E7ABC000965BAC /* SBJsonStreamParserState.m in Sources */,
				F987593015E7ABC000965BAC /* SBJsonStreamWriter.m in Sources */,
				F987593115E7ABC000965BAC /* SBJsonStreamWriterAccumulator.m in Sources */,
				F987593215E7ABC000965BAC /* SBJsonStreamWriterState.m in Sources */,
				F987593315E7ABC000965BAC /* SBJsonTokeniser.m in Sources */,
				F987593415E7ABC000965BAC /* SBJsonUTF8Stream.m in Sources */,
				F987593515E7ABC000965BAC /* SBJsonWriter.m in Sources */,
				F99935DB15EFC52200DFE193 /* LocalStorage.xcdatamodeld in Sources */,
				F96630EB15F06A5F00332799 /* Country.m in Sources */,
				F96630EE15F06A6000332799 /* Place.m in Sources */,
				F96630F115F06A6000332799 /* Company.m in Sources */,
				F96630F415F06A6100332799 /* Office.m in Sources */,
				F96630F715F06A6100332799 /* City.m in Sources */,
				F96630FA15F06A6100332799 /* Admin.m in Sources */,
				F96630FD15F06A6100332799 /* PlaceType.m in Sources */,
			);
			runOnlyForDeploymentPostprocessing = 0;
		};
/* End PBXSourcesBuildPhase section */

/* Begin PBXVariantGroup section */
		F96C6DB315E47AF50009F6C1 /* InfoPlist.strings */ = {
			isa = PBXVariantGroup;
			children = (
				F96C6DB415E47AF50009F6C1 /* en */,
			);
			name = InfoPlist.strings;
			sourceTree = "<group>";
		};
		F96C6DBF15E47AF50009F6C1 /* com_hitchhikers_dontpanicViewController_iPhone.xib */ = {
			isa = PBXVariantGroup;
			children = (
				F96C6DC015E47AF50009F6C1 /* en */,
			);
			name = com_hitchhikers_dontpanicViewController_iPhone.xib;
			sourceTree = "<group>";
		};
		F96C6DC215E47AF50009F6C1 /* com_hitchhikers_dontpanicViewController_iPad.xib */ = {
			isa = PBXVariantGroup;
			children = (
				F96C6DC315E47AF50009F6C1 /* en */,
			);
			name = com_hitchhikers_dontpanicViewController_iPad.xib;
			sourceTree = "<group>";
		};
/* End PBXVariantGroup section */

/* Begin XCBuildConfiguration section */
		F96C6DC515E47AF50009F6C1 /* Debug */ = {
			isa = XCBuildConfiguration;
			buildSettings = {
				ALWAYS_SEARCH_USER_PATHS = NO;
				ARCHS = "$(ARCHS_STANDARD_32_BIT)";
				CLANG_ENABLE_OBJC_ARC = YES;
				"CODE_SIGN_IDENTITY[sdk=iphoneos*]" = "iPhone Developer";
				COPY_PHASE_STRIP = NO;
				GCC_C_LANGUAGE_STANDARD = gnu99;
				GCC_DYNAMIC_NO_PIC = NO;
				GCC_OPTIMIZATION_LEVEL = 0;
				GCC_PREPROCESSOR_DEFINITIONS = (
					"DEBUG=1",
					"$(inherited)",
				);
				GCC_SYMBOLS_PRIVATE_EXTERN = NO;
				GCC_VERSION = com.apple.compilers.llvm.clang.1_0;
				GCC_WARN_ABOUT_MISSING_PROTOTYPES = YES;
				GCC_WARN_ABOUT_RETURN_TYPE = YES;
				GCC_WARN_UNUSED_VARIABLE = YES;
				IPHONEOS_DEPLOYMENT_TARGET = 5.0;
				SDKROOT = iphoneos;
				TARGETED_DEVICE_FAMILY = "1,2";
			};
			name = Debug;
		};
		F96C6DC615E47AF50009F6C1 /* Release */ = {
			isa = XCBuildConfiguration;
			buildSettings = {
				ALWAYS_SEARCH_USER_PATHS = NO;
				ARCHS = "$(ARCHS_STANDARD_32_BIT)";
				CLANG_ENABLE_OBJC_ARC = YES;
				"CODE_SIGN_IDENTITY[sdk=iphoneos*]" = "iPhone Developer";
				COPY_PHASE_STRIP = YES;
				GCC_C_LANGUAGE_STANDARD = gnu99;
				GCC_VERSION = com.apple.compilers.llvm.clang.1_0;
				GCC_WARN_ABOUT_MISSING_PROTOTYPES = YES;
				GCC_WARN_ABOUT_RETURN_TYPE = YES;
				GCC_WARN_UNUSED_VARIABLE = YES;
				IPHONEOS_DEPLOYMENT_TARGET = 5.0;
				OTHER_CFLAGS = "-DNS_BLOCK_ASSERTIONS=1";
				SDKROOT = iphoneos;
				TARGETED_DEVICE_FAMILY = "1,2";
				VALIDATE_PRODUCT = YES;
			};
			name = Release;
		};
		F96C6DC815E47AF50009F6C1 /* Debug */ = {
			isa = XCBuildConfiguration;
			buildSettings = {
				GCC_PRECOMPILE_PREFIX_HEADER = YES;
				GCC_PREFIX_HEADER = "dont-panic/dont-panic-Prefix.pch";
				INFOPLIST_FILE = "dont-panic/dont-panic-Info.plist";
				PRODUCT_NAME = "$(TARGET_NAME)";
				WRAPPER_EXTENSION = app;
			};
			name = Debug;
		};
		F96C6DC915E47AF50009F6C1 /* Release */ = {
			isa = XCBuildConfiguration;
			buildSettings = {
				GCC_PRECOMPILE_PREFIX_HEADER = YES;
				GCC_PREFIX_HEADER = "dont-panic/dont-panic-Prefix.pch";
				INFOPLIST_FILE = "dont-panic/dont-panic-Info.plist";
				PRODUCT_NAME = "$(TARGET_NAME)";
				WRAPPER_EXTENSION = app;
			};
			name = Release;
		};
/* End XCBuildConfiguration section */

/* Begin XCConfigurationList section */
		F96C6DA015E47AF50009F6C1 /* Build configuration list for PBXProject "dont-panic" */ = {
			isa = XCConfigurationList;
			buildConfigurations = (
				F96C6DC515E47AF50009F6C1 /* Debug */,
				F96C6DC615E47AF50009F6C1 /* Release */,
			);
			defaultConfigurationIsVisible = 0;
			defaultConfigurationName = Release;
		};
		F96C6DC715E47AF50009F6C1 /* Build configuration list for PBXNativeTarget "dont-panic" */ = {
			isa = XCConfigurationList;
			buildConfigurations = (
				F96C6DC815E47AF50009F6C1 /* Debug */,
				F96C6DC915E47AF50009F6C1 /* Release */,
			);
			defaultConfigurationIsVisible = 0;
			defaultConfigurationName = Release;
		};
/* End XCConfigurationList section */

/* Begin XCVersionGroup section */
		F99935D915EFC52200DFE193 /* LocalStorage.xcdatamodeld */ = {
			isa = XCVersionGroup;
			children = (
				F99935DA15EFC52200DFE193 /* LocalStorage.xcdatamodel */,
			);
			currentVersion = F99935DA15EFC52200DFE193 /* LocalStorage.xcdatamodel */;
			path = LocalStorage.xcdatamodeld;
			sourceTree = "<group>";
			versionGroupType = wrapper.xcdatamodel;
		};
/* End XCVersionGroup section */
	};
	rootObject = F96C6D9D15E47AF50009F6C1 /* Project object */;
}
